
Microsoft Visual Studio Solution File, Format Version 12.00
# Visual Studio Version 16
VisualStudioVersion = 16.0.30011.22
MinimumVisualStudioVersion = 10.0.40219.1
Project("{FAE04EC0-301F-11D3-BF4B-00C04F79EFBC}") = "DDDTW.Specification.CSharp", "DDDTW.Specification.CSharp\DDDTW.Specification.CSharp.csproj", "{22670F42-C092-4D59-B3F6-409864A258A6}"
EndProject
Global
	GlobalSection(SolutionConfigurationPlatforms) = preSolution
		Debug|Any CPU = Debug|Any CPU
		Release|Any CPU = Release|Any CPU
	EndGlobalSection
	GlobalSection(ProjectConfigurationPlatforms) = postSolution
		{22670F42-C092-4D59-B3F6-409864A258A6}.Debug|Any CPU.ActiveCfg = Debug|Any CPU
		{22670F42-C092-4D59-B3F6-409864A258A6}.Debug|Any CPU.Build.0 = Debug|Any CPU
		{22670F42-C092-4D59-B3F6-409864A258A6}.Release|Any CPU.ActiveCfg = Release|Any CPU
		{22670F42-C092-4D59-B3F6-409864A258A6}.Release|Any CPU.Build.0 = Release|Any CPU
	EndGlobalSection
	GlobalSection(SolutionProperties) = preSolution
		HideSolutionNode = FALSE
	EndGlobalSection
	GlobalSection(ExtensibilityGlobals) = postSolution
		SolutionGuid = {C068CEA4-1039-4C91-9436-A2131D2244EE}
	EndGlobalSection
EndGlobal
